// !$*UTF8*$!
{
	archiveVersion = 1;
	classes = {
	};
	objectVersion = 56;
	objects = {

/* Begin PBXBuildFile section */
		D6AEBEC82FF1C17600C89F31 /* ArcanoidApp.swift in Sources */ = {isa = PBXBuildFile; fileRef = D6AEBEC72FF1C17600C89F31 /* ArcanoidApp.swift */; };
		D6AEBECA2FF1C17600C89F31 /* ContentView.swift in Sources */ = {isa = PBXBuildFile; fileRef = D6AEBEC92FF1C17600C89F31 /* ContentView.swift */; };
		D6AEBECC2FF1C17800C89F31 /* Assets.xcassets in Resources */ = {isa = PBXBuildFile; fileRef = D6AEBECB2FF1C17800C89F31 /* Assets.xcassets */; };
		D6AEBECF2FF1C17800C89F31 /* Preview Assets.xcassets in Resources */ = {isa = PBXBuildFile; fileRef = D6AEBECE2FF1C17800C89F31 /* Preview Assets.xcassets */; };
		D6AEBEDA2FF1C17800C89F31 /* ArcanoidTests.swift in Sources */ = {isa = PBXBuildFile; fileRef = D6AEBED92FF1C17800C89F31 /* ArcanoidTests.swift */; };
		D6AEBEE42FF1C17800C89F31 /* ArcanoidUITests.swift in Sources */ = {isa = PBXBuildFile; fileRef = D6AEBEE32FF1C17800C89F31 /* ArcanoidUITests.swift */; };
		D6AEBEE62FF1C17800C89F31 /* ArcanoidUITestsLaunchTests.swift in Sources */ = {isa = PBXBuildFile; fileRef = D6AEBEE52FF1C17800C89F31 /* ArcanoidUITestsLaunchTests.swift */; };
		D6AEBEF42FF1C19600C89F31 /* GameState.swift in Sources */ = {isa = PBXBuildFile; fileRef = D6AEBEF32FF1C19600C89F31 /* GameState.swift */; };
		D6AEBEF62FF1C1AA00C89F31 /* BrickType.swift in Sources */ = {isa = PBXBuildFile; fileRef = D6AEBEF52FF1C1AA00C89F31 /* BrickType.swift */; };
		D6AEBEF82FF1C1C000C89F31 /* Brick.swift in Sources */ = {isa = PBXBuildFile; fileRef = D6AEBEF72FF1C1C000C89F31 /* Brick.swift */; };
		D6AEBEFA2FF1C1DA00C89F31 /* Particle.swift in Sources */ = {isa = PBXBuildFile; fileRef = D6AEBEF92FF1C1DA00C89F31 /* Particle.swift */; };
		D6AEBEFC2FF1C20300C89F31 /* Level.swift in Sources */ = {isa = PBXBuildFile; fileRef = D6AEBEFB2FF1C20300C89F31 /* Level.swift */; };
		D6AEBEFF2FF1C22300C89F31 /* GameViewModel.swift in Sources */ = {isa = PBXBuildFile; fileRef = D6AEBEFE2FF1C22300C89F31 /* GameViewModel.swift */; };
/* End PBXBuildFile section */

/* Begin PBXContainerItemProxy section */
		D6AEBED62FF1C17800C89F31 /* PBXContainerItemProxy */ = {
			isa = PBXContainerItemProxy;
			containerPortal = D6AEBEBC2FF1C17500C89F31 /* Project object */;
			proxyType = 1;
			remoteGlobalIDString = D6AEBEC32FF1C17500C89F31;
			remoteInfo = Arcanoid;
		};
		D6AEBEE02FF1C17800C89F31 /* PBXContainerItemProxy */ = {
			isa = PBXContainerItemProxy;
			containerPortal = D6AEBEBC2FF1C17500C89F31 /* Project object */;
			proxyType = 1;
			remoteGlobalIDString = D6AEBEC32FF1C17500C89F31;
			remoteInfo = Arcanoid;
		};
/* End PBXContainerItemProxy section */

/* Begin PBXFileReference section */
		D6AEBEC42FF1C17600C89F31 /* Arcanoid.app */ = {isa = PBXFileReference; explicitFileType = wrapper.application; includeInIndex = 0; path = Arcanoid.app; sourceTree = BUILT_PRODUCTS_DIR; };
		D6AEBEC72FF1C17600C89F31 /* ArcanoidApp.swift */ = {isa = PBXFileReference; lastKnownFileType = sourcecode.swift; path = ArcanoidApp.swift; sourceTree = "<group>"; };
		D6AEBEC92FF1C17600C89F31 /* ContentView.swift */ = {isa = PBXFileReference; lastKnownFileType = sourcecode.swift; path = ContentView.swift; sourceTree = "<group>"; };
		D6AEBECB2FF1C17800C89F31 /* Assets.xcassets */ = {isa = PBXFileReference; lastKnownFileType = folder.assetcatalog; path = Assets.xcassets; sourceTree = "<group>"; };
		D6AEBECE2FF1C17800C89F31 /* Preview Assets.xcassets */ = {isa = PBXFileReference; lastKnownFileType = folder.assetcatalog; path = "Preview Assets.xcassets"; sourceTree = "<group>"; };
		D6AEBED02FF1C17800C89F31 /* Arcanoid.entitlements */ = {isa = PBXFileReference; lastKnownFileType = text.plist.entitlements; path = Arcanoid.entitlements; sourceTree = "<group>"; };
		D6AEBED52FF1C17800C89F31 /* ArcanoidTests.xctest */ = {isa = PBXFileReference; explicitFileType = wrapper.cfbundle; includeInIndex = 0; path = ArcanoidTests.xctest; sourceTree = BUILT_PRODUCTS_DIR; };
		D6AEBED92FF1C17800C89F31 /* ArcanoidTests.swift */ = {isa = PBXFileReference; lastKnownFileType = sourcecode.swift; path = ArcanoidTests.swift; sourceTree = "<group>"; };
		D6AEBEDF2FF1C17800C89F31 /* ArcanoidUITests.xctest */ = {isa = PBXFileReference; explicitFileType = wrapper.cfbundle; includeInIndex = 0; path = ArcanoidUITests.xctest; sourceTree = BUILT_PRODUCTS_DIR; };
		D6AEBEE32FF1C17800C89F31 /* ArcanoidUITests.swift */ = {isa = PBXFileReference; lastKnownFileType = sourcecode.swift; path = ArcanoidUITests.swift; sourceTree = "<group>"; };
		D6AEBEE52FF1C17800C89F31 /* ArcanoidUITestsLaunchTests.swift */ = {isa = PBXFileReference; lastKnownFileType = sourcecode.swift; path = ArcanoidUITestsLaunchTests.swift; sourceTree = "<group>"; };
		D6AEBEF32FF1C19600C89F31 /* GameState.swift */ = {isa = PBXFileReference; lastKnownFileType = sourcecode.swift; path = GameState.swift; sourceTree = "<group>"; };
		D6AEBEF52FF1C1AA00C89F31 /* BrickType.swift */ = {isa = PBXFileReference; lastKnownFileType = sourcecode.swift; path = BrickType.swift; sourceTree = "<group>"; };
		D6AEBEF72FF1C1C000C89F31 /* Brick.swift */ = {isa = PBXFileReference; lastKnownFileType = sourcecode.swift; path = Brick.swift; sourceTree = "<group>"; };
		D6AEBEF92FF1C1DA00C89F31 /* Particle.swift */ = {isa = PBXFileReference; lastKnownFileType = sourcecode.swift; path = Particle.swift; sourceTree = "<group>"; };
		D6AEBEFB2FF1C20300C89F31 /* Level.swift */ = {isa = PBXFileReference; lastKnownFileType = sourcecode.swift; path = Level.swift; sourceTree = "<group>"; };
		D6AEBEFE2FF1C22300C89F31 /* GameViewModel.swift */ = {isa = PBXFileReference; lastKnownFileType = sourcecode.swift; path = GameViewModel.swift; sourceTree = "<group>"; };
/* End PBXFileReference section */

/* Begin PBXFrameworksBuildPhase section */
		D6AEBEC12FF1C17500C89F31 /* Frameworks */ = {
			isa = PBXFrameworksBuildPhase;
			buildActionMask = 2147483647;
			files = (
			);
			runOnlyForDeploymentPostprocessing = 0;
		};
		D6AEBED22FF1C17800C89F31 /* Frameworks */ = {
			isa = PBXFrameworksBuildPhase;
			buildActionMask = 2147483647;
			files = (
			);
			runOnlyForDeploymentPostprocessing = 0;
		};
		D6AEBEDC2FF1C17800C89F31 /* Frameworks */ = {
			isa = PBXFrameworksBuildPhase;
			buildActionMask = 2147483647;
			files = (
			);
			runOnlyForDeploymentPostprocessing = 0;
		};
/* End PBXFrameworksBuildPhase section */

/* Begin PBXGroup section */
		D6AEBEBB2FF1C17500C89F31 = {
			isa = PBXGroup;
			children = (
				D6AEBEC62FF1C17600C89F31 /* Arcanoid */,
				D6AEBED82FF1C17800C89F31 /* ArcanoidTests */,
				D6AEBEE22FF1C17800C89F31 /* ArcanoidUITests */,
				D6AEBEC52FF1C17600C89F31 /* Products */,
			);
			sourceTree = "<group>";
		};
		D6AEBEC52FF1C17600C89F31 /* Products */ = {
			isa = PBXGroup;
			children = (
				D6AEBEC42FF1C17600C89F31 /* Arcanoid.app */,
				D6AEBED52FF1C17800C89F31 /* ArcanoidTests.xctest */,
				D6AEBEDF2FF1C17800C89F31 /* ArcanoidUITests.xctest */,
			);
			name = Products;
			sourceTree = "<group>";
		};
		D6AEBEC62FF1C17600C89F31 /* Arcanoid */ = {
			isa = PBXGroup;
			children = (
				D6AEBF002FF1C28200C89F31 /* View */,
				D6AEBEFD2FF1C21400C89F31 /* ViewModel */,
				D6AEBEF22FF1C18600C89F31 /* Models */,
				D6AEBEC72FF1C17600C89F31 /* ArcanoidApp.swift */,
				D6AEBECB2FF1C17800C89F31 /* Assets.xcassets */,
				D6AEBED02FF1C17800C89F31 /* Arcanoid.entitlements */,
				D6AEBECD2FF1C17800C89F31 /* Preview Content */,
			);
			path = Arcanoid;
			sourceTree = "<group>";
		};
		D6AEBECD2FF1C17800C89F31 /* Preview Content */ = {
			isa = PBXGroup;
			children = (
				D6AEBECE2FF1C17800C89F31 /* Preview Assets.xcassets */,
			);
			path = "Preview Content";
			sourceTree = "<group>";
		};
		D6AEBED82FF1C17800C89F31 /* ArcanoidTests */ = {
			isa = PBXGroup;
			children = (
				D6AEBED92FF1C17800C89F31 /* ArcanoidTests.swift */,
			);
			path = ArcanoidTests;
			sourceTree = "<group>";
		};
		D6AEBEE22FF1C17800C89F31 /* ArcanoidUITests */ = {
			isa = PBXGroup;
			children = (
				D6AEBEE32FF1C17800C89F31 /* ArcanoidUITests.swift */,
				D6AEBEE52FF1C17800C89F31 /* ArcanoidUITestsLaunchTests.swift */,
			);
			path = ArcanoidUITests;
			sourceTree = "<group>";
		};
		D6AEBEF22FF1C18600C89F31 /* Models */ = {
			isa = PBXGroup;
			children = (
				D6AEBEF32FF1C19600C89F31 /* GameState.swift */,
				D6AEBEF52FF1C1AA00C89F31 /* BrickType.swift */,
				D6AEBEF72FF1C1C000C89F31 /* Brick.swift */,
				D6AEBEF92FF1C1DA00C89F31 /* Particle.swift */,
				D6AEBEFB2FF1C20300C89F31 /* Level.swift */,
			);
			path = Models;
			sourceTree = "<group>";
		};
		D6AEBEFD2FF1C21400C89F31 /* ViewModel */ = {
			isa = PBXGroup;
			children = (
				D6AEBEFE2FF1C22300C89F31 /* GameViewModel.swift */,
			);
			path = ViewModel;
			sourceTree = "<group>";
		};
		D6AEBF002FF1C28200C89F31 /* View */ = {
			isa = PBXGroup;
			children = (
				D6AEBEC92FF1C17600C89F31 /* ContentView.swift */,
			);
			path = View;
			sourceTree = "<group>";
		};
/* End PBXGroup section */

/* Begin PBXNativeTarget section */
		D6AEBEC32FF1C17500C89F31 /* Arcanoid */ = {
			isa = PBXNativeTarget;
			buildConfigurationList = D6AEBEE92FF1C17800C89F31 /* Build configuration list for PBXNativeTarget "Arcanoid" */;
			buildPhases = (
				D6AEBEC02FF1C17500C89F31 /* Sources */,
				D6AEBEC12FF1C17500C89F31 /* Frameworks */,
				D6AEBEC22FF1C17500C89F31 /* Resources */,
			);
			buildRules = (
			);
			dependencies = (
			);
			name = Arcanoid;
			productName = Arcanoid;
			productReference = D6AEBEC42FF1C17600C89F31 /* Arcanoid.app */;
			productType = "com.apple.product-type.application";
		};
		D6AEBED42FF1C17800C89F31 /* ArcanoidTests */ = {
			isa = PBXNativeTarget;
			buildConfigurationList = D6AEBEEC2FF1C17800C89F31 /* Build configuration list for PBXNativeTarget "ArcanoidTests" */;
			buildPhases = (
				D6AEBED12FF1C17800C89F31 /* Sources */,
				D6AEBED22FF1C17800C89F31 /* Frameworks */,
				D6AEBED32FF1C17800C89F31 /* Resources */,
			);
			buildRules = (
			);
			dependencies = (
				D6AEBED72FF1C17800C89F31 /* PBXTargetDependency */,
			);
			name = ArcanoidTests;
			productName = ArcanoidTests;
			productReference = D6AEBED52FF1C17800C89F31 /* ArcanoidTests.xctest */;
			productType = "com.apple.product-type.bundle.unit-test";
		};
		D6AEBEDE2FF1C17800C89F31 /* ArcanoidUITests */ = {
			isa = PBXNativeTarget;
			buildConfigurationList = D6AEBEEF2FF1C17800C89F31 /* Build configuration list for PBXNativeTarget "ArcanoidUITests" */;
			buildPhases = (
				D6AEBEDB2FF1C17800C89F31 /* Sources */,
				D6AEBEDC2FF1C17800C89F31 /* Frameworks */,
				D6AEBEDD2FF1C17800C89F31 /* Resources */,
			);
			buildRules = (
			);
			dependencies = (
				D6AEBEE12FF1C17800C89F31 /* PBXTargetDependency */,
			);
			name = ArcanoidUITests;
			productName = ArcanoidUITests;
			productReference = D6AEBEDF2FF1C17800C89F31 /* ArcanoidUITests.xctest */;
			productType = "com.apple.product-type.bundle.ui-testing";
		};
/* End PBXNativeTarget section */

/* Begin PBXProject section */
		D6AEBEBC2FF1C17500C89F31 /* Project object */ = {
			isa = PBXProject;
			attributes = {
				BuildIndependentTargetsInParallel = 1;
				LastSwiftUpdateCheck = 1510;
				LastUpgradeCheck = 1510;
				TargetAttributes = {
					D6AEBEC32FF1C17500C89F31 = {
						CreatedOnToolsVersion = 15.1;
					};
					D6AEBED42FF1C17800C89F31 = {
						CreatedOnToolsVersion = 15.1;
						TestTargetID = D6AEBEC32FF1C17500C89F31;
					};
					D6AEBEDE2FF1C17800C89F31 = {
						CreatedOnToolsVersion = 15.1;
						TestTargetID = D6AEBEC32FF1C17500C89F31;
					};
				};
			};
			buildConfigurationList = D6AEBEBF2FF1C17500C89F31 /* Build configuration list for PBXProject "Arcanoid" */;
			compatibilityVersion = "Xcode 14.0";
			developmentRegion = en;
			hasScannedForEncodings = 0;
			knownRegions = (
				en,
				Base,
			);
			mainGroup = D6AEBEBB2FF1C17500C89F31;
			productRefGroup = D6AEBEC52FF1C17600C89F31 /* Products */;
			projectDirPath = "";
			projectRoot = "";
			targets = (
				D6AEBEC32FF1C17500C89F31 /* Arcanoid */,
				D6AEBED42FF1C17800C89F31 /* ArcanoidTests */,
				D6AEBEDE2FF1C17800C89F31 /* ArcanoidUITests */,
			);
		};
/* End PBXProject section */

/* Begin PBXResourcesBuildPhase section */
		D6AEBEC22FF1C17500C89F31 /* Resources */ = {
			isa = PBXResourcesBuildPhase;
			buildActionMask = 2147483647;
			files = (
				D6AEBECF2FF1C17800C89F31 /* Preview Assets.xcassets in Resources */,
				D6AEBECC2FF1C17800C89F31 /* Assets.xcassets in Resources */,
			);
			runOnlyForDeploymentPostprocessing = 0;
		};
		D6AEBED32FF1C17800C89F31 /* Resources */ = {
			isa = PBXResourcesBuildPhase;
			buildActionMask = 2147483647;
			files = (
			);
			runOnlyForDeploymentPostprocessing = 0;
		};
		D6AEBEDD2FF1C17800C89F31 /* Resources */ = {
			isa = PBXResourcesBuildPhase;
			buildActionMask = 2147483647;
			files = (
			);
			runOnlyForDeploymentPostprocessing = 0;
		};
/* End PBXResourcesBuildPhase section */

/* Begin PBXSourcesBuildPhase section */
		D6AEBEC02FF1C17500C89F31 /* Sources */ = {
			isa = PBXSourcesBuildPhase;
			buildActionMask = 2147483647;
			files = (
				D6AEBEF82FF1C1C000C89F31 /* Brick.swift in Sources */,
				D6AEBEFC2FF1C20300C89F31 /* Level.swift in Sources */,
				D6AEBEFA2FF1C1DA00C89F31 /* Particle.swift in Sources */,
				D6AEBEF42FF1C19600C89F31 /* GameState.swift in Sources */,
				D6AEBEFF2FF1C22300C89F31 /* GameViewModel.swift in Sources */,
				D6AEBECA2FF1C17600C89F31 /* ContentView.swift in Sources */,
				D6AEBEC82FF1C17600C89F31 /* ArcanoidApp.swift in Sources */,
				D6AEBEF62FF1C1AA00C89F31 /* BrickType.swift in Sources */,
			);
			runOnlyForDeploymentPostprocessing = 0;
		};
		D6AEBED12FF1C17800C89F31 /* Sources */ = {
			isa = PBXSourcesBuildPhase;
			buildActionMask = 2147483647;
			files = (
				D6AEBEDA2FF1C17800C89F31 /* ArcanoidTests.swift in Sources */,
			);
			runOnlyForDeploymentPostprocessing = 0;
		};
		D6AEBEDB2FF1C17800C89F31 /* Sources */ = {
			isa = PBXSourcesBuildPhase;
			buildActionMask = 2147483647;
			files = (
				D6AEBEE62FF1C17800C89F31 /* ArcanoidUITestsLaunchTests.swift in Sources */,
				D6AEBEE42FF1C17800C89F31 /* ArcanoidUITests.swift in Sources */,
			);
			runOnlyForDeploymentPostprocessing = 0;
		};
/* End PBXSourcesBuildPhase section */

/* Begin PBXTargetDependency section */
		D6AEBED72FF1C17800C89F31 /* PBXTargetDependency */ = {
			isa = PBXTargetDependency;
			target = D6AEBEC32FF1C17500C89F31 /* Arcanoid */;
			targetProxy = D6AEBED62FF1C17800C89F31 /* PBXContainerItemProxy */;
		};
		D6AEBEE12FF1C17800C89F31 /* PBXTargetDependency */ = {
			isa = PBXTargetDependency;
			target = D6AEBEC32FF1C17500C89F31 /* Arcanoid */;
			targetProxy = D6AEBEE02FF1C17800C89F31 /* PBXContainerItemProxy */;
		};
/* End PBXTargetDependency section */

/* Begin XCBuildConfiguration section */
		D6AEBEE72FF1C17800C89F31 /* Debug */ = {
			isa = XCBuildConfiguration;
			buildSettings = {
				ALWAYS_SEARCH_USER_PATHS = NO;
				ASSETCATALOG_COMPILER_GENERATE_SWIFT_ASSET_SYMBOL_EXTENSIONS = YES;
				CLANG_ANALYZER_NONNULL = YES;
				CLANG_ANALYZER_NUMBER_OBJECT_CONVERSION = YES_AGGRESSIVE;
				CLANG_CXX_LANGUAGE_STANDARD = "gnu++20";
				CLANG_ENABLE_MODULES = YES;
				CLANG_ENABLE_OBJC_ARC = YES;
				CLANG_ENABLE_OBJC_WEAK = YES;
				CLANG_WARN_BLOCK_CAPTURE_AUTORELEASING = YES;
				CLANG_WARN_BOOL_CONVERSION = YES;
				CLANG_WARN_COMMA = YES;
				CLANG_WARN_CONSTANT_CONVERSION = YES;
				CLANG_WARN_DEPRECATED_OBJC_IMPLEMENTATIONS = YES;
				CLANG_WARN_DIRECT_OBJC_ISA_USAGE = YES_ERROR;
				CLANG_WARN_DOCUMENTATION_COMMENTS = YES;
				CLANG_WARN_EMPTY_BODY = YES;
				CLANG_WARN_ENUM_CONVERSION = YES;
				CLANG_WARN_INFINITE_RECURSION = YES;
				CLANG_WARN_INT_CONVERSION = YES;
				CLANG_WARN_NON_LITERAL_NULL_CONVERSION = YES;
				CLANG_WARN_OBJC_IMPLICIT_RETAIN_SELF = YES;
				CLANG_WARN_OBJC_LITERAL_CONVERSION = YES;
				CLANG_WARN_OBJC_ROOT_CLASS = YES_ERROR;
				CLANG_WARN_QUOTED_INCLUDE_IN_FRAMEWORK_HEADER = YES;
				CLANG_WARN_RANGE_LOOP_ANALYSIS = YES;
				CLANG_WARN_STRICT_PROTOTYPES = YES;
				CLANG_WARN_SUSPICIOUS_MOVE = YES;
				CLANG_WARN_UNGUARDED_AVAILABILITY = YES_AGGRESSIVE;
				CLANG_WARN_UNREACHABLE_CODE = YES;
				CLANG_WARN__DUPLICATE_METHOD_MATCH = YES;
				COPY_PHASE_STRIP = NO;
				DEBUG_INFORMATION_FORMAT = dwarf;
				ENABLE_STRICT_OBJC_MSGSEND = YES;
				ENABLE_TESTABILITY = YES;
				ENABLE_USER_SCRIPT_SANDBOXING = YES;
				GCC_C_LANGUAGE_STANDARD = gnu17;
				GCC_DYNAMIC_NO_PIC = NO;
				GCC_NO_COMMON_BLOCKS = YES;
				GCC_OPTIMIZATION_LEVEL = 0;
				GCC_PREPROCESSOR_DEFINITIONS = (
					"DEBUG=1",
					"$(inherited)",
				);
				GCC_WARN_64_TO_32_BIT_CONVERSION = YES;
				GCC_WARN_ABOUT_RETURN_TYPE = YES_ERROR;
				GCC_WARN_UNDECLARED_SELECTOR = YES;
				GCC_WARN_UNINITIALIZED_AUTOS = YES_AGGRESSIVE;
				GCC_WARN_UNUSED_FUNCTION = YES;
				GCC_WARN_UNUSED_VARIABLE = YES;
				LOCALIZATION_PREFERS_STRING_CATALOGS = YES;
				MACOSX_DEPLOYMENT_TARGET = 14.2;
				MTL_ENABLE_DEBUG_INFO = INCLUDE_SOURCE;
				MTL_FAST_MATH = YES;
				ONLY_ACTIVE_ARCH = YES;
				SDKROOT = macosx;
				SWIFT_ACTIVE_COMPILATION_CONDITIONS = "DEBUG $(inherited)";
				SWIFT_OPTIMIZATION_LEVEL = "-Onone";
			};
			name = Debug;
		};
		D6AEBEE82FF1C17800C89F31 /* Release */ = {
			isa = XCBuildConfiguration;
			buildSettings = {
				ALWAYS_SEARCH_USER_PATHS = NO;
				ASSETCATALOG_COMPILER_GENERATE_SWIFT_ASSET_SYMBOL_EXTENSIONS = YES;
				CLANG_ANALYZER_NONNULL = YES;
				CLANG_ANALYZER_NUMBER_OBJECT_CONVERSION = YES_AGGRESSIVE;
				CLANG_CXX_LANGUAGE_STANDARD = "gnu++20";
				CLANG_ENABLE_MODULES = YES;
				CLANG_ENABLE_OBJC_ARC = YES;
				CLANG_ENABLE_OBJC_WEAK = YES;
				CLANG_WARN_BLOCK_CAPTURE_AUTORELEASING = YES;
				CLANG_WARN_BOOL_CONVERSION = YES;
				CLANG_WARN_COMMA = YES;
				CLANG_WARN_CONSTANT_CONVERSION = YES;
				CLANG_WARN_DEPRECATED_OBJC_IMPLEMENTATIONS = YES;
				CLANG_WARN_DIRECT_OBJC_ISA_USAGE = YES_ERROR;
				CLANG_WARN_DOCUMENTATION_COMMENTS = YES;
				CLANG_WARN_EMPTY_BODY = YES;
				CLANG_WARN_ENUM_CONVERSION = YES;
				CLANG_WARN_INFINITE_RECURSION = YES;
				CLANG_WARN_INT_CONVERSION = YES;
				CLANG_WARN_NON_LITERAL_NULL_CONVERSION = YES;
				CLANG_WARN_OBJC_IMPLICIT_RETAIN_SELF = YES;
				CLANG_WARN_OBJC_LITERAL_CONVERSION = YES;
				CLANG_WARN_OBJC_ROOT_CLASS = YES_ERROR;
				CLANG_WARN_QUOTED_INCLUDE_IN_FRAMEWORK_HEADER = YES;
				CLANG_WARN_RANGE_LOOP_ANALYSIS = YES;
				CLANG_WARN_STRICT_PROTOTYPES = YES;
				CLANG_WARN_SUSPICIOUS_MOVE = YES;
				CLANG_WARN_UNGUARDED_AVAILABILITY = YES_AGGRESSIVE;
				CLANG_WARN_UNREACHABLE_CODE = YES;
				CLANG_WARN__DUPLICATE_METHOD_MATCH = YES;
				COPY_PHASE_STRIP = NO;
				DEBUG_INFORMATION_FORMAT = "dwarf-with-dsym";
				ENABLE_NS_ASSERTIONS = NO;
				ENABLE_STRICT_OBJC_MSGSEND = YES;
				ENABLE_USER_SCRIPT_SANDBOXING = YES;
				GCC_C_LANGUAGE_STANDARD = gnu17;
				GCC_NO_COMMON_BLOCKS = YES;
				GCC_WARN_64_TO_32_BIT_CONVERSION = YES;
				GCC_WARN_ABOUT_RETURN_TYPE = YES_ERROR;
				GCC_WARN_UNDECLARED_SELECTOR = YES;
				GCC_WARN_UNINITIALIZED_AUTOS = YES_AGGRESSIVE;
				GCC_WARN_UNUSED_FUNCTION = YES;
				GCC_WARN_UNUSED_VARIABLE = YES;
				LOCALIZATION_PREFERS_STRING_CATALOGS = YES;
				MACOSX_DEPLOYMENT_TARGET = 14.2;
				MTL_ENABLE_DEBUG_INFO = NO;
				MTL_FAST_MATH = YES;
				SDKROOT = macosx;
				SWIFT_COMPILATION_MODE = wholemodule;
			};
			name = Release;
		};
		D6AEBEEA2FF1C17800C89F31 /* Debug */ = {
			isa = XCBuildConfiguration;
			buildSettings = {
				ASSETCATALOG_COMPILER_APPICON_NAME = AppIcon;
				ASSETCATALOG_COMPILER_GLOBAL_ACCENT_COLOR_NAME = AccentColor;
				CODE_SIGN_ENTITLEMENTS = Arcanoid/Arcanoid.entitlements;
				CODE_SIGN_STYLE = Automatic;
				COMBINE_HIDPI_IMAGES = YES;
				CURRENT_PROJECT_VERSION = 1;
				DEVELOPMENT_ASSET_PATHS = "\"Arcanoid/Preview Content\"";
				DEVELOPMENT_TEAM = K6LJCT8RAA;
				ENABLE_HARDENED_RUNTIME = YES;
				ENABLE_PREVIEWS = YES;
				GENERATE_INFOPLIST_FILE = YES;
				INFOPLIST_KEY_NSHumanReadableCopyright = "";
				LD_RUNPATH_SEARCH_PATHS = (
					"$(inherited)",
					"@executable_path/../Frameworks",
				);
				MARKETING_VERSION = 1.0;
				PRODUCT_BUNDLE_IDENTIFIER = com.macos.Arcanoid;
				PRODUCT_NAME = "$(TARGET_NAME)";
				SWIFT_EMIT_LOC_STRINGS = YES;
				SWIFT_VERSION = 5.0;
			};
			name = Debug;
		};
		D6AEBEEB2FF1C17800C89F31 /* Release */ = {
			isa = XCBuildConfiguration;
			buildSettings = {
				ASSETCATALOG_COMPILER_APPICON_NAME = AppIcon;
				ASSETCATALOG_COMPILER_GLOBAL_ACCENT_COLOR_NAME = AccentColor;
				CODE_SIGN_ENTITLEMENTS = Arcanoid/Arcanoid.entitlements;
				CODE_SIGN_STYLE = Automatic;
				COMBINE_HIDPI_IMAGES = YES;
				CURRENT_PROJECT_VERSION = 1;
				DEVELOPMENT_ASSET_PATHS = "\"Arcanoid/Preview Content\"";
				DEVELOPMENT_TEAM = K6LJCT8RAA;
				ENABLE_HARDENED_RUNTIME = YES;
				ENABLE_PREVIEWS = YES;
				GENERATE_INFOPLIST_FILE = YES;
				INFOPLIST_KEY_NSHumanReadableCopyright = "";
				LD_RUNPATH_SEARCH_PATHS = (
					"$(inherited)",
					"@executable_path/../Frameworks",
				);
				MARKETING_VERSION = 1.0;
				PRODUCT_BUNDLE_IDENTIFIER = com.macos.Arcanoid;
				PRODUCT_NAME = "$(TARGET_NAME)";
				SWIFT_EMIT_LOC_STRINGS = YES;
				SWIFT_VERSION = 5.0;
			};
			name = Release;
		};
		D6AEBEED2FF1C17800C89F31 /* Debug */ = {
			isa = XCBuildConfiguration;
			buildSettings = {
				ALWAYS_EMBED_SWIFT_STANDARD_LIBRARIES = YES;
				BUNDLE_LOADER = "$(TEST_HOST)";
				CODE_SIGN_STYLE = Automatic;
				CURRENT_PROJECT_VERSION = 1;
				DEVELOPMENT_TEAM = K6LJCT8RAA;
				GENERATE_INFOPLIST_FILE = YES;
				MACOSX_DEPLOYMENT_TARGET = 14.2;
				MARKETING_VERSION = 1.0;
				PRODUCT_BUNDLE_IDENTIFIER = com.macos.ArcanoidTests;
				PRODUCT_NAME = "$(TARGET_NAME)";
				SWIFT_EMIT_LOC_STRINGS = NO;
				SWIFT_VERSION = 5.0;
				TEST_HOST = "$(BUILT_PRODUCTS_DIR)/Arcanoid.app/$(BUNDLE_EXECUTABLE_FOLDER_PATH)/Arcanoid";
			};
			name = Debug;
		};
		D6AEBEEE2FF1C17800C89F31 /* Release */ = {
			isa = XCBuildConfiguration;
			buildSettings = {
				ALWAYS_EMBED_SWIFT_STANDARD_LIBRARIES = YES;
				BUNDLE_LOADER = "$(TEST_HOST)";
				CODE_SIGN_STYLE = Automatic;
				CURRENT_PROJECT_VERSION = 1;
				DEVELOPMENT_TEAM = K6LJCT8RAA;
				GENERATE_INFOPLIST_FILE = YES;
				MACOSX_DEPLOYMENT_TARGET = 14.2;
				MARKETING_VERSION = 1.0;
				PRODUCT_BUNDLE_IDENTIFIER = com.macos.ArcanoidTests;
				PRODUCT_NAME = "$(TARGET_NAME)";
				SWIFT_EMIT_LOC_STRINGS = NO;
				SWIFT_VERSION = 5.0;
				TEST_HOST = "$(BUILT_PRODUCTS_DIR)/Arcanoid.app/$(BUNDLE_EXECUTABLE_FOLDER_PATH)/Arcanoid";
			};
			name = Release;
		};
		D6AEBEF02FF1C17800C89F31 /* Debug */ = {
			isa = XCBuildConfiguration;
			buildSettings = {
				ALWAYS_EMBED_SWIFT_STANDARD_LIBRARIES = YES;
				CODE_SIGN_STYLE = Automatic;
				CURRENT_PROJECT_VERSION = 1;
				DEVELOPMENT_TEAM = K6LJCT8RAA;
				GENERATE_INFOPLIST_FILE = YES;
				MARKETING_VERSION = 1.0;
				PRODUCT_BUNDLE_IDENTIFIER = com.macos.ArcanoidUITests;
				PRODUCT_NAME = "$(TARGET_NAME)";
				SWIFT_EMIT_LOC_STRINGS = NO;
				SWIFT_VERSION = 5.0;
				TEST_TARGET_NAME = Arcanoid;
			};
			name = Debug;
		};
		D6AEBEF12FF1C17800C89F31 /* Release */ = {
			isa = XCBuildConfiguration;
			buildSettings = {
				ALWAYS_EMBED_SWIFT_STANDARD_LIBRARIES = YES;
				CODE_SIGN_STYLE = Automatic;
				CURRENT_PROJECT_VERSION = 1;
				DEVELOPMENT_TEAM = K6LJCT8RAA;
				GENERATE_INFOPLIST_FILE = YES;
				MARKETING_VERSION = 1.0;
				PRODUCT_BUNDLE_IDENTIFIER = com.macos.ArcanoidUITests;
				PRODUCT_NAME = "$(TARGET_NAME)";
				SWIFT_EMIT_LOC_STRINGS = NO;
				SWIFT_VERSION = 5.0;
				TEST_TARGET_NAME = Arcanoid;
			};
			name = Release;
		};
/* End XCBuildConfiguration section */

/* Begin XCConfigurationList section */
		D6AEBEBF2FF1C17500C89F31 /* Build configuration list for PBXProject "Arcanoid" */ = {
			isa = XCConfigurationList;
			buildConfigurations = (
				D6AEBEE72FF1C17800C89F31 /* Debug */,
				D6AEBEE82FF1C17800C89F31 /* Release */,
			);
			defaultConfigurationIsVisible = 0;
			defaultConfigurationName = Release;
		};
		D6AEBEE92FF1C17800C89F31 /* Build configuration list for PBXNativeTarget "Arcanoid" */ = {
			isa = XCConfigurationList;
			buildConfigurations = (
				D6AEBEEA2FF1C17800C89F31 /* Debug */,
				D6AEBEEB2FF1C17800C89F31 /* Release */,
			);
			defaultConfigurationIsVisible = 0;
			defaultConfigurationName = Release;
		};
		D6AEBEEC2FF1C17800C89F31 /* Build configuration list for PBXNativeTarget "ArcanoidTests" */ = {
			isa = XCConfigurationList;
			buildConfigurations = (
				D6AEBEED2FF1C17800C89F31 /* Debug */,
				D6AEBEEE2FF1C17800C89F31 /* Release */,
			);
			defaultConfigurationIsVisible = 0;
			defaultConfigurationName = Release;
		};
		D6AEBEEF2FF1C17800C89F31 /* Build configuration list for PBXNativeTarget "ArcanoidUITests" */ = {
			isa = XCConfigurationList;
			buildConfigurations = (
				D6AEBEF02FF1C17800C89F31 /* Debug */,
				D6AEBEF12FF1C17800C89F31 /* Release */,
			);
			defaultConfigurationIsVisible = 0;
			defaultConfigurationName = Release;
		};
/* End XCConfigurationList section */
	};
	rootObject = D6AEBEBC2FF1C17500C89F31 /* Project object */;
}
